
Microsoft Visual Studio Solution File, Format Version 12.00
Project("{FAE04EC0-301F-11D3-BF4B-00C04F79EFBC}") = "revtask", "revtask\revtask.csproj", "{A6061203-BB7D-4E19-A8C8-589F61AE08BD}"
EndProject
Global
	GlobalSection(SolutionConfigurationPlatforms) = preSolution
		Debug|Any CPU = Debug|Any CPU
		Release|Any CPU = Release|Any CPU
	EndGlobalSection
	GlobalSection(ProjectConfigurationPlatforms) = postSolution
		{A6061203-BB7D-4E19-A8C8-589F61AE08BD}.Debug|Any CPU.ActiveCfg = Debug|Any CPU
		{A6061203-BB7D-4E19-A8C8-589F61AE08BD}.Debug|Any CPU.Build.0 = Debug|Any CPU
		{A6061203-BB7D-4E19-A8C8-589F61AE08BD}.Release|Any CPU.ActiveCfg = Release|Any CPU
		{A6061203-BB7D-4E19-A8C8-589F61AE08BD}.Release|Any CPU.Build.0 = Release|Any CPU
	EndGlobalSection
EndGlobal
